// !$*UTF8*$!
{
	archiveVersion = 1;
	classes = {
	};
	objectVersion = 56;
	objects = {

/* Begin PBXBuildFile section */
		95E931B229AEAC0C00E294C4 /* GetServerWorker.swift in Sources */ = {isa = PBXBuildFile; fileRef = 95E931B129AEAC0C00E294C4 /* GetServerWorker.swift */; };
		95E931B629AEAE5300E294C4 /* UserDataModel.swift in Sources */ = {isa = PBXBuildFile; fileRef = 95E931B529AEAE5300E294C4 /* UserDataModel.swift */; };
		95E931BE29AEE10E00E294C4 /* UsersListingViewController.swift in Sources */ = {isa = PBXBuildFile; fileRef = 95E931B929AEE10E00E294C4 /* UsersListingViewController.swift */; };
		95E931BF29AEE10E00E294C4 /* UsersListingTableViewData.swift in Sources */ = {isa = PBXBuildFile; fileRef = 95E931BA29AEE10E00E294C4 /* UsersListingTableViewData.swift */; };
		95E931C029AEE10E00E294C4 /* UsersListingView.swift in Sources */ = {isa = PBXBuildFile; fileRef = 95E931BB29AEE10E00E294C4 /* UsersListingView.swift */; };
		95E931C129AEE10E00E294C4 /* UsersListingViewModel.swift in Sources */ = {isa = PBXBuildFile; fileRef = 95E931BC29AEE10E00E294C4 /* UsersListingViewModel.swift */; };
		95E931C329AEE16B00E294C4 /* TableViewData.swift in Sources */ = {isa = PBXBuildFile; fileRef = 95E931C229AEE16B00E294C4 /* TableViewData.swift */; };
		95E931C529AEE1BB00E294C4 /* EquatableAssociateValue.swift in Sources */ = {isa = PBXBuildFile; fileRef = 95E931C429AEE1BB00E294C4 /* EquatableAssociateValue.swift */; };
		95E931C829AEE2BE00E294C4 /* UsersListingTableViewCellView.swift in Sources */ = {isa = PBXBuildFile; fileRef = 95E931C729AEE2BE00E294C4 /* UsersListingTableViewCellView.swift */; };
		95E931CA29AEE34700E294C4 /* ReusableIdentifier.swift in Sources */ = {isa = PBXBuildFile; fileRef = 95E931C929AEE34700E294C4 /* ReusableIdentifier.swift */; };
		95E931CC29AEE37200E294C4 /* UITableView+.swift in Sources */ = {isa = PBXBuildFile; fileRef = 95E931CB29AEE37200E294C4 /* UITableView+.swift */; };
		95E931CF29AEEF0800E294C4 /* UIImageView+.swift in Sources */ = {isa = PBXBuildFile; fileRef = 95E931CE29AEEF0800E294C4 /* UIImageView+.swift */; };
		95E931D129AEF69800E294C4 /* Networking.swift in Sources */ = {isa = PBXBuildFile; fileRef = 95E931D029AEF69800E294C4 /* Networking.swift */; };
		95E931D329AEFACB00E294C4 /* NetworkingManager.swift in Sources */ = {isa = PBXBuildFile; fileRef = 95E931D229AEFACB00E294C4 /* NetworkingManager.swift */; };
		95E931D529AF028400E294C4 /* UserEndpoint.swift in Sources */ = {isa = PBXBuildFile; fileRef = 95E931D429AF028400E294C4 /* UserEndpoint.swift */; };
		95E931D829AF88DD00E294C4 /* BaseNetworkingManager.swift in Sources */ = {isa = PBXBuildFile; fileRef = 95E931D729AF88DD00E294C4 /* BaseNetworkingManager.swift */; };
		95E931DB29AFCB5200E294C4 /* Toast.swift in Sources */ = {isa = PBXBuildFile; fileRef = 95E931DA29AFCB5200E294C4 /* Toast.swift */; };
		95E931DD29AFCE6800E294C4 /* ToastView.swift in Sources */ = {isa = PBXBuildFile; fileRef = 95E931DC29AFCE6800E294C4 /* ToastView.swift */; };
		95E931DF29AFCE8E00E294C4 /* Colors.swift in Sources */ = {isa = PBXBuildFile; fileRef = 95E931DE29AFCE8E00E294C4 /* Colors.swift */; };
		95E931E129AFD19D00E294C4 /* ColorLuminosity.swift in Sources */ = {isa = PBXBuildFile; fileRef = 95E931E029AFD19D00E294C4 /* ColorLuminosity.swift */; };
		95E931E529AFD9B600E294C4 /* AppSettings.swift in Sources */ = {isa = PBXBuildFile; fileRef = 95E931E429AFD9B600E294C4 /* AppSettings.swift */; };
		95E931E729AFF88F00E294C4 /* UIApplication+.swift in Sources */ = {isa = PBXBuildFile; fileRef = 95E931E629AFF88F00E294C4 /* UIApplication+.swift */; };
		95FC7ACC29A93290005A45CC /* AppDelegate.swift in Sources */ = {isa = PBXBuildFile; fileRef = 95FC7ACB29A93290005A45CC /* AppDelegate.swift */; };
		95FC7ACE29A93290005A45CC /* SceneDelegate.swift in Sources */ = {isa = PBXBuildFile; fileRef = 95FC7ACD29A93290005A45CC /* SceneDelegate.swift */; };
		95FC7AD529A93294005A45CC /* Assets.xcassets in Resources */ = {isa = PBXBuildFile; fileRef = 95FC7AD429A93294005A45CC /* Assets.xcassets */; };
		95FC7AD829A93294005A45CC /* LaunchScreen.storyboard in Resources */ = {isa = PBXBuildFile; fileRef = 95FC7AD629A93294005A45CC /* LaunchScreen.storyboard */; };
		95FC7AE329A93295005A45CC /* ListUsersTests.swift in Sources */ = {isa = PBXBuildFile; fileRef = 95FC7AE229A93295005A45CC /* ListUsersTests.swift */; };
		95FC7AFE29A93636005A45CC /* Coordinator.swift in Sources */ = {isa = PBXBuildFile; fileRef = 95FC7AFD29A93636005A45CC /* Coordinator.swift */; };
		95FC7B0329ACDBF6005A45CC /* MainCoordinator.swift in Sources */ = {isa = PBXBuildFile; fileRef = 95FC7B0229ACDBF6005A45CC /* MainCoordinator.swift */; };
		95FC7B0629ACDF21005A45CC /* GetServerViewController.swift in Sources */ = {isa = PBXBuildFile; fileRef = 95FC7B0529ACDF21005A45CC /* GetServerViewController.swift */; };
		95FC7B0829ACE340005A45CC /* LoadableViewController.swift in Sources */ = {isa = PBXBuildFile; fileRef = 95FC7B0729ACE340005A45CC /* LoadableViewController.swift */; };
		95FC7B0C29ACFBEB005A45CC /* Int+.swift in Sources */ = {isa = PBXBuildFile; fileRef = 95FC7B0B29ACFBEB005A45CC /* Int+.swift */; };
		95FC7B0E29ACFC08005A45CC /* UIViewController+.swift in Sources */ = {isa = PBXBuildFile; fileRef = 95FC7B0D29ACFC08005A45CC /* UIViewController+.swift */; };
		95FC7B1029AD1ADA005A45CC /* GetServerView.swift in Sources */ = {isa = PBXBuildFile; fileRef = 95FC7B0F29AD1ADA005A45CC /* GetServerView.swift */; };
		95FC7B1229AD1AF7005A45CC /* GetServerViewModel.swift in Sources */ = {isa = PBXBuildFile; fileRef = 95FC7B1129AD1AF7005A45CC /* GetServerViewModel.swift */; };
		95FC7B1729AE11A0005A45CC /* EndpointType.swift in Sources */ = {isa = PBXBuildFile; fileRef = 95FC7B1629AE11A0005A45CC /* EndpointType.swift */; };
		95FC7B1929AE11C6005A45CC /* ErrorType.swift in Sources */ = {isa = PBXBuildFile; fileRef = 95FC7B1829AE11C6005A45CC /* ErrorType.swift */; };
		95FC7B2229AE32DE005A45CC /* UIHelper.swift in Sources */ = {isa = PBXBuildFile; fileRef = 95FC7B2129AE32DE005A45CC /* UIHelper.swift */; };
		95FC7B2429AE32F4005A45CC /* ViewCodeConfiguration.swift in Sources */ = {isa = PBXBuildFile; fileRef = 95FC7B2329AE32F4005A45CC /* ViewCodeConfiguration.swift */; };
		95FC7B2829AE3643005A45CC /* UILabel+.swift in Sources */ = {isa = PBXBuildFile; fileRef = 95FC7B2729AE3643005A45CC /* UILabel+.swift */; };
		95FC7B2A29AE3F24005A45CC /* TextField+.swift in Sources */ = {isa = PBXBuildFile; fileRef = 95FC7B2929AE3F24005A45CC /* TextField+.swift */; };
		95FC7B2C29AE473D005A45CC /* UIStyle.swift in Sources */ = {isa = PBXBuildFile; fileRef = 95FC7B2B29AE473D005A45CC /* UIStyle.swift */; };
		95FC7B2E29AE47DF005A45CC /* UIColor+.swift in Sources */ = {isa = PBXBuildFile; fileRef = 95FC7B2D29AE47DF005A45CC /* UIColor+.swift */; };
		95FC7B3029AE9E84005A45CC /* UIButton+.swift in Sources */ = {isa = PBXBuildFile; fileRef = 95FC7B2F29AE9E84005A45CC /* UIButton+.swift */; };
		D4BE588B999138EF16973486 /* Pods_ListUsers.framework in Frameworks */ = {isa = PBXBuildFile; fileRef = 9001784725AE12455D877F84 /* Pods_ListUsers.framework */; };
		E7C3F436EB0271ECC57BF23D /* Pods_ListUsersTests.framework in Frameworks */ = {isa = PBXBuildFile; fileRef = 78B5FC348E0995E857D89556 /* Pods_ListUsersTests.framework */; };
/* End PBXBuildFile section */

/* Begin PBXContainerItemProxy section */
		95FC7ADF29A93295005A45CC /* PBXContainerItemProxy */ = {
			isa = PBXContainerItemProxy;
			containerPortal = 95FC7AC029A93290005A45CC /* Project object */;
			proxyType = 1;
			remoteGlobalIDString = 95FC7AC729A93290005A45CC;
			remoteInfo = ListUsers;
		};
		95FC7AE929A93295005A45CC /* PBXContainerItemProxy */ = {
			isa = PBXContainerItemProxy;
			containerPortal = 95FC7AC029A93290005A45CC /* Project object */;
			proxyType = 1;
			remoteGlobalIDString = 95FC7AC729A93290005A45CC;
			remoteInfo = ListUsers;
		};
/* End PBXContainerItemProxy section */

/* Begin PBXFileReference section */
		5031AAD426F7215176DA1838 /* Pods-ListUsersTests.debug.xcconfig */ = {isa = PBXFileReference; includeInIndex = 1; lastKnownFileType = text.xcconfig; name = "Pods-ListUsersTests.debug.xcconfig"; path = "Target Support Files/Pods-ListUsersTests/Pods-ListUsersTests.debug.xcconfig"; sourceTree = "<group>"; };
		55A8B2DA33DA8DD24DA18488 /* Pods-ListUsers.debug.xcconfig */ = {isa = PBXFileReference; includeInIndex = 1; lastKnownFileType = text.xcconfig; name = "Pods-ListUsers.debug.xcconfig"; path = "Target Support Files/Pods-ListUsers/Pods-ListUsers.debug.xcconfig"; sourceTree = "<group>"; };
		78B5FC348E0995E857D89556 /* Pods_ListUsersTests.framework */ = {isa = PBXFileReference; explicitFileType = wrapper.framework; includeInIndex = 0; path = Pods_ListUsersTests.framework; sourceTree = BUILT_PRODUCTS_DIR; };
		7C260A5ECD657D51404DCCD2 /* Pods-ListUsers.release.xcconfig */ = {isa = PBXFileReference; includeInIndex = 1; lastKnownFileType = text.xcconfig; name = "Pods-ListUsers.release.xcconfig"; path = "Target Support Files/Pods-ListUsers/Pods-ListUsers.release.xcconfig"; sourceTree = "<group>"; };
		9001784725AE12455D877F84 /* Pods_ListUsers.framework */ = {isa = PBXFileReference; explicitFileType = wrapper.framework; includeInIndex = 0; path = Pods_ListUsers.framework; sourceTree = BUILT_PRODUCTS_DIR; };
		95E931B129AEAC0C00E294C4 /* GetServerWorker.swift */ = {isa = PBXFileReference; lastKnownFileType = sourcecode.swift; path = GetServerWorker.swift; sourceTree = "<group>"; };
		95E931B529AEAE5300E294C4 /* UserDataModel.swift */ = {isa = PBXFileReference; lastKnownFileType = sourcecode.swift; path = UserDataModel.swift; sourceTree = "<group>"; };
		95E931B929AEE10E00E294C4 /* UsersListingViewController.swift */ = {isa = PBXFileReference; lastKnownFileType = sourcecode.swift; path = UsersListingViewController.swift; sourceTree = "<group>"; };
		95E931BA29AEE10E00E294C4 /* UsersListingTableViewData.swift */ = {isa = PBXFileReference; lastKnownFileType = sourcecode.swift; path = UsersListingTableViewData.swift; sourceTree = "<group>"; };
		95E931BB29AEE10E00E294C4 /* UsersListingView.swift */ = {isa = PBXFileReference; lastKnownFileType = sourcecode.swift; path = UsersListingView.swift; sourceTree = "<group>"; };
		95E931BC29AEE10E00E294C4 /* UsersListingViewModel.swift */ = {isa = PBXFileReference; lastKnownFileType = sourcecode.swift; path = UsersListingViewModel.swift; sourceTree = "<group>"; };
		95E931C229AEE16B00E294C4 /* TableViewData.swift */ = {isa = PBXFileReference; lastKnownFileType = sourcecode.swift; path = TableViewData.swift; sourceTree = "<group>"; };
		95E931C429AEE1BB00E294C4 /* EquatableAssociateValue.swift */ = {isa = PBXFileReference; lastKnownFileType = sourcecode.swift; name = EquatableAssociateValue.swift; path = ListUsers/Commons/EquatableAssociateValue.swift; sourceTree = SOURCE_ROOT; };
		95E931C729AEE2BE00E294C4 /* UsersListingTableViewCellView.swift */ = {isa = PBXFileReference; lastKnownFileType = sourcecode.swift; path = UsersListingTableViewCellView.swift; sourceTree = "<group>"; };
		95E931C929AEE34700E294C4 /* ReusableIdentifier.swift */ = {isa = PBXFileReference; lastKnownFileType = sourcecode.swift; path = ReusableIdentifier.swift; sourceTree = "<group>"; };
		95E931CB29AEE37200E294C4 /* UITableView+.swift */ = {isa = PBXFileReference; lastKnownFileType = sourcecode.swift; path = "UITableView+.swift"; sourceTree = "<group>"; };
		95E931CE29AEEF0800E294C4 /* UIImageView+.swift */ = {isa = PBXFileReference; lastKnownFileType = sourcecode.swift; path = "UIImageView+.swift"; sourceTree = "<group>"; };
		95E931D029AEF69800E294C4 /* Networking.swift */ = {isa = PBXFileReference; lastKnownFileType = sourcecode.swift; path = Networking.swift; sourceTree = "<group>"; };
		95E931D229AEFACB00E294C4 /* NetworkingManager.swift */ = {isa = PBXFileReference; lastKnownFileType = sourcecode.swift; path = NetworkingManager.swift; sourceTree = "<group>"; };
		95E931D429AF028400E294C4 /* UserEndpoint.swift */ = {isa = PBXFileReference; lastKnownFileType = sourcecode.swift; path = UserEndpoint.swift; sourceTree = "<group>"; };
		95E931D729AF88DD00E294C4 /* BaseNetworkingManager.swift */ = {isa = PBXFileReference; lastKnownFileType = sourcecode.swift; path = BaseNetworkingManager.swift; sourceTree = "<group>"; };
		95E931DA29AFCB5200E294C4 /* Toast.swift */ = {isa = PBXFileReference; lastKnownFileType = sourcecode.swift; path = Toast.swift; sourceTree = "<group>"; };
		95E931DC29AFCE6800E294C4 /* ToastView.swift */ = {isa = PBXFileReference; lastKnownFileType = sourcecode.swift; path = ToastView.swift; sourceTree = "<group>"; };
		95E931DE29AFCE8E00E294C4 /* Colors.swift */ = {isa = PBXFileReference; lastKnownFileType = sourcecode.swift; path = Colors.swift; sourceTree = "<group>"; };
		95E931E029AFD19D00E294C4 /* ColorLuminosity.swift */ = {isa = PBXFileReference; lastKnownFileType = sourcecode.swift; path = ColorLuminosity.swift; sourceTree = "<group>"; };
		95E931E429AFD9B600E294C4 /* AppSettings.swift */ = {isa = PBXFileReference; lastKnownFileType = sourcecode.swift; path = AppSettings.swift; sourceTree = "<group>"; };
		95E931E629AFF88F00E294C4 /* UIApplication+.swift */ = {isa = PBXFileReference; lastKnownFileType = sourcecode.swift; path = "UIApplication+.swift"; sourceTree = "<group>"; };
		95FC7AC829A93290005A45CC /* ListUsers.app */ = {isa = PBXFileReference; explicitFileType = wrapper.application; includeInIndex = 0; path = ListUsers.app; sourceTree = BUILT_PRODUCTS_DIR; };
		95FC7ACB29A93290005A45CC /* AppDelegate.swift */ = {isa = PBXFileReference; lastKnownFileType = sourcecode.swift; path = AppDelegate.swift; sourceTree = "<group>"; };
		95FC7ACD29A93290005A45CC /* SceneDelegate.swift */ = {isa = PBXFileReference; lastKnownFileType = sourcecode.swift; path = SceneDelegate.swift; sourceTree = "<group>"; };
		95FC7AD429A93294005A45CC /* Assets.xcassets */ = {isa = PBXFileReference; lastKnownFileType = folder.assetcatalog; path = Assets.xcassets; sourceTree = "<group>"; };
		95FC7AD729A93294005A45CC /* Base */ = {isa = PBXFileReference; lastKnownFileType = file.storyboard; name = Base; path = Base.lproj/LaunchScreen.storyboard; sourceTree = "<group>"; };
		95FC7AD929A93294005A45CC /* Info.plist */ = {isa = PBXFileReference; lastKnownFileType = text.plist.xml; path = Info.plist; sourceTree = "<group>"; };
		95FC7ADE29A93295005A45CC /* ListUsersTests.xctest */ = {isa = PBXFileReference; explicitFileType = wrapper.cfbundle; includeInIndex = 0; path = ListUsersTests.xctest; sourceTree = BUILT_PRODUCTS_DIR; };
		95FC7AE229A93295005A45CC /* ListUsersTests.swift */ = {isa = PBXFileReference; lastKnownFileType = sourcecode.swift; path = ListUsersTests.swift; sourceTree = "<group>"; };
		95FC7AE829A93295005A45CC /* ListUsersUITests.xctest */ = {isa = PBXFileReference; explicitFileType = wrapper.cfbundle; includeInIndex = 0; path = ListUsersUITests.xctest; sourceTree = BUILT_PRODUCTS_DIR; };
		95FC7AFD29A93636005A45CC /* Coordinator.swift */ = {isa = PBXFileReference; lastKnownFileType = sourcecode.swift; path = Coordinator.swift; sourceTree = "<group>"; };
		95FC7B0229ACDBF6005A45CC /* MainCoordinator.swift */ = {isa = PBXFileReference; lastKnownFileType = sourcecode.swift; path = MainCoordinator.swift; sourceTree = "<group>"; };
		95FC7B0529ACDF21005A45CC /* GetServerViewController.swift */ = {isa = PBXFileReference; lastKnownFileType = sourcecode.swift; path = GetServerViewController.swift; sourceTree = "<group>"; };
		95FC7B0729ACE340005A45CC /* LoadableViewController.swift */ = {isa = PBXFileReference; lastKnownFileType = sourcecode.swift; path = LoadableViewController.swift; sourceTree = "<group>"; };
		95FC7B0B29ACFBEB005A45CC /* Int+.swift */ = {isa = PBXFileReference; fileEncoding = 4; lastKnownFileType = sourcecode.swift; path = "Int+.swift"; sourceTree = "<group>"; };
		95FC7B0D29ACFC08005A45CC /* UIViewController+.swift */ = {isa = PBXFileReference; lastKnownFileType = sourcecode.swift; path = "UIViewController+.swift"; sourceTree = "<group>"; };
		95FC7B0F29AD1ADA005A45CC /* GetServerView.swift */ = {isa = PBXFileReference; lastKnownFileType = sourcecode.swift; path = GetServerView.swift; sourceTree = "<group>"; };
		95FC7B1129AD1AF7005A45CC /* GetServerViewModel.swift */ = {isa = PBXFileReference; lastKnownFileType = sourcecode.swift; path = GetServerViewModel.swift; sourceTree = "<group>"; };
		95FC7B1629AE11A0005A45CC /* EndpointType.swift */ = {isa = PBXFileReference; lastKnownFileType = sourcecode.swift; path = EndpointType.swift; sourceTree = "<group>"; };
		95FC7B1829AE11C6005A45CC /* ErrorType.swift */ = {isa = PBXFileReference; lastKnownFileType = sourcecode.swift; path = ErrorType.swift; sourceTree = "<group>"; };
		95FC7B2129AE32DE005A45CC /* UIHelper.swift */ = {isa = PBXFileReference; lastKnownFileType = sourcecode.swift; path = UIHelper.swift; sourceTree = "<group>"; };
		95FC7B2329AE32F4005A45CC /* ViewCodeConfiguration.swift */ = {isa = PBXFileReference; lastKnownFileType = sourcecode.swift; path = ViewCodeConfiguration.swift; sourceTree = "<group>"; };
		95FC7B2729AE3643005A45CC /* UILabel+.swift */ = {isa = PBXFileReference; lastKnownFileType = sourcecode.swift; path = "UILabel+.swift"; sourceTree = "<group>"; };
		95FC7B2929AE3F24005A45CC /* TextField+.swift */ = {isa = PBXFileReference; lastKnownFileType = sourcecode.swift; path = "TextField+.swift"; sourceTree = "<group>"; };
		95FC7B2B29AE473D005A45CC /* UIStyle.swift */ = {isa = PBXFileReference; lastKnownFileType = sourcecode.swift; path = UIStyle.swift; sourceTree = "<group>"; };
		95FC7B2D29AE47DF005A45CC /* UIColor+.swift */ = {isa = PBXFileReference; lastKnownFileType = sourcecode.swift; path = "UIColor+.swift"; sourceTree = "<group>"; };
		95FC7B2F29AE9E84005A45CC /* UIButton+.swift */ = {isa = PBXFileReference; lastKnownFileType = sourcecode.swift; path = "UIButton+.swift"; sourceTree = "<group>"; };
		E57CF635DC26CDF539B8CFCD /* Pods-ListUsersTests.release.xcconfig */ = {isa = PBXFileReference; includeInIndex = 1; lastKnownFileType = text.xcconfig; name = "Pods-ListUsersTests.release.xcconfig"; path = "Target Support Files/Pods-ListUsersTests/Pods-ListUsersTests.release.xcconfig"; sourceTree = "<group>"; };
/* End PBXFileReference section */

/* Begin PBXFrameworksBuildPhase section */
		95FC7AC529A93290005A45CC /* Frameworks */ = {
			isa = PBXFrameworksBuildPhase;
			buildActionMask = 2147483647;
			files = (
				D4BE588B999138EF16973486 /* Pods_ListUsers.framework in Frameworks */,
			);
			runOnlyForDeploymentPostprocessing = 0;
		};
		95FC7ADB29A93295005A45CC /* Frameworks */ = {
			isa = PBXFrameworksBuildPhase;
			buildActionMask = 2147483647;
			files = (
				E7C3F436EB0271ECC57BF23D /* Pods_ListUsersTests.framework in Frameworks */,
			);
			runOnlyForDeploymentPostprocessing = 0;
		};
		95FC7AE529A93295005A45CC /* Frameworks */ = {
			isa = PBXFrameworksBuildPhase;
			buildActionMask = 2147483647;
			files = (
			);
			runOnlyForDeploymentPostprocessing = 0;
		};
/* End PBXFrameworksBuildPhase section */

/* Begin PBXGroup section */
		49AB9E8FE1D16808B7F6C581 /* Frameworks */ = {
			isa = PBXGroup;
			children = (
				9001784725AE12455D877F84 /* Pods_ListUsers.framework */,
				78B5FC348E0995E857D89556 /* Pods_ListUsersTests.framework */,
			);
			name = Frameworks;
			sourceTree = "<group>";
		};
		95E931B329AEAE3B00E294C4 /* GetServer */ = {
			isa = PBXGroup;
			children = (
				95FC7B0529ACDF21005A45CC /* GetServerViewController.swift */,
				95FC7B0F29AD1ADA005A45CC /* GetServerView.swift */,
				95FC7B1129AD1AF7005A45CC /* GetServerViewModel.swift */,
				95E931B129AEAC0C00E294C4 /* GetServerWorker.swift */,
			);
			path = GetServer;
			sourceTree = "<group>";
		};
		95E931B429AEAE4600E294C4 /* Networking */ = {
			isa = PBXGroup;
			children = (
				95E931B529AEAE5300E294C4 /* UserDataModel.swift */,
				95E931D229AEFACB00E294C4 /* NetworkingManager.swift */,
				95E931D429AF028400E294C4 /* UserEndpoint.swift */,
			);
			path = Networking;
			sourceTree = "<group>";
		};
		95E931B729AEE0F300E294C4 /* UsersListing */ = {
			isa = PBXGroup;
			children = (
				95E931C629AEE2A100E294C4 /* Cell */,
				95E931B929AEE10E00E294C4 /* UsersListingViewController.swift */,
				95E931BA29AEE10E00E294C4 /* UsersListingTableViewData.swift */,
				95E931BB29AEE10E00E294C4 /* UsersListingView.swift */,
				95E931BC29AEE10E00E294C4 /* UsersListingViewModel.swift */,
			);
			path = UsersListing;
			sourceTree = "<group>";
		};
		95E931C629AEE2A100E294C4 /* Cell */ = {
			isa = PBXGroup;
			children = (
				95E931C729AEE2BE00E294C4 /* UsersListingTableViewCellView.swift */,
			);
			path = Cell;
			sourceTree = "<group>";
		};
		95E931D929AFCB2B00E294C4 /* Components */ = {
			isa = PBXGroup;
			children = (
				95E931DA29AFCB5200E294C4 /* Toast.swift */,
				95E931DC29AFCE6800E294C4 /* ToastView.swift */,
			);
			path = Components;
			sourceTree = "<group>";
		};
		95FC7ABF29A93290005A45CC = {
			isa = PBXGroup;
			children = (
				95FC7ACA29A93290005A45CC /* ListUsers */,
				95FC7AE129A93295005A45CC /* ListUsersTests */,
				95FC7AC929A93290005A45CC /* Products */,
				B3A72388257D8B3BC678A536 /* Pods */,
				49AB9E8FE1D16808B7F6C581 /* Frameworks */,
			);
			sourceTree = "<group>";
		};
		95FC7AC929A93290005A45CC /* Products */ = {
			isa = PBXGroup;
			children = (
				95FC7AC829A93290005A45CC /* ListUsers.app */,
				95FC7ADE29A93295005A45CC /* ListUsersTests.xctest */,
				95FC7AE829A93295005A45CC /* ListUsersUITests.xctest */,
			);
			name = Products;
			sourceTree = "<group>";
		};
		95FC7ACA29A93290005A45CC /* ListUsers */ = {
			isa = PBXGroup;
			children = (
				95E931D929AFCB2B00E294C4 /* Components */,
				95E931B429AEAE4600E294C4 /* Networking */,
				95FC7B0A29ACFBEB005A45CC /* Utils */,
				95FC7B0429ACDEDF005A45CC /* Scenes */,
				95FC7B0129ACDBCD005A45CC /* Main */,
				95FC7AFC29A93625005A45CC /* Commons */,
				95FC7AFB29A935E0005A45CC /* SupportingFiles */,
			);
			path = ListUsers;
			sourceTree = "<group>";
		};
		95FC7AE129A93295005A45CC /* ListUsersTests */ = {
			isa = PBXGroup;
			children = (
				95FC7AE229A93295005A45CC /* ListUsersTests.swift */,
			);
			path = ListUsersTests;
			sourceTree = "<group>";
		};
		95FC7AFB29A935E0005A45CC /* SupportingFiles */ = {
			isa = PBXGroup;
			children = (
				95FC7ACB29A93290005A45CC /* AppDelegate.swift */,
				95FC7ACD29A93290005A45CC /* SceneDelegate.swift */,
				95FC7AD429A93294005A45CC /* Assets.xcassets */,
				95FC7AD629A93294005A45CC /* LaunchScreen.storyboard */,
				95FC7AD929A93294005A45CC /* Info.plist */,
				95E931E429AFD9B600E294C4 /* AppSettings.swift */,
			);
			path = SupportingFiles;
			sourceTree = "<group>";
		};
		95FC7AFC29A93625005A45CC /* Commons */ = {
			isa = PBXGroup;
			children = (
				95FC7B2029AE32C7005A45CC /* View */,
				95FC7B1529AE1189005A45CC /* Networking */,
				95FC7AFD29A93636005A45CC /* Coordinator.swift */,
			);
			path = Commons;
			sourceTree = "<group>";
		};
		95FC7B0129ACDBCD005A45CC /* Main */ = {
			isa = PBXGroup;
			children = (
				95FC7B0229ACDBF6005A45CC /* MainCoordinator.swift */,
			);
			path = Main;
			sourceTree = "<group>";
		};
		95FC7B0429ACDEDF005A45CC /* Scenes */ = {
			isa = PBXGroup;
			children = (
				95E931B729AEE0F300E294C4 /* UsersListing */,
				95E931B329AEAE3B00E294C4 /* GetServer */,
			);
			path = Scenes;
			sourceTree = "<group>";
		};
		95FC7B0A29ACFBEB005A45CC /* Utils */ = {
			isa = PBXGroup;
			children = (
				95FC7B2F29AE9E84005A45CC /* UIButton+.swift */,
				95E931CE29AEEF0800E294C4 /* UIImageView+.swift */,
				95FC7B0B29ACFBEB005A45CC /* Int+.swift */,
				95FC7B0D29ACFC08005A45CC /* UIViewController+.swift */,
				95FC7B2729AE3643005A45CC /* UILabel+.swift */,
				95FC7B2929AE3F24005A45CC /* TextField+.swift */,
				95FC7B2D29AE47DF005A45CC /* UIColor+.swift */,
				95E931CB29AEE37200E294C4 /* UITableView+.swift */,
				95E931E029AFD19D00E294C4 /* ColorLuminosity.swift */,
				95E931E629AFF88F00E294C4 /* UIApplication+.swift */,
			);
			path = Utils;
			sourceTree = "<group>";
		};
		95FC7B1529AE1189005A45CC /* Networking */ = {
			isa = PBXGroup;
			children = (
				95E931D729AF88DD00E294C4 /* BaseNetworkingManager.swift */,
				95FC7B1629AE11A0005A45CC /* EndpointType.swift */,
				95FC7B1829AE11C6005A45CC /* ErrorType.swift */,
				95E931D029AEF69800E294C4 /* Networking.swift */,
			);
			path = Networking;
			sourceTree = "<group>";
		};
		95FC7B2029AE32C7005A45CC /* View */ = {
			isa = PBXGroup;
			children = (
				95FC7B0729ACE340005A45CC /* LoadableViewController.swift */,
				95FC7B2129AE32DE005A45CC /* UIHelper.swift */,
				95FC7B2329AE32F4005A45CC /* ViewCodeConfiguration.swift */,
				95FC7B2B29AE473D005A45CC /* UIStyle.swift */,
				95E931C229AEE16B00E294C4 /* TableViewData.swift */,
				95E931C429AEE1BB00E294C4 /* EquatableAssociateValue.swift */,
				95E931C929AEE34700E294C4 /* ReusableIdentifier.swift */,
				95E931DE29AFCE8E00E294C4 /* Colors.swift */,
			);
			path = View;
			sourceTree = "<group>";
		};
		B3A72388257D8B3BC678A536 /* Pods */ = {
			isa = PBXGroup;
			children = (
				55A8B2DA33DA8DD24DA18488 /* Pods-ListUsers.debug.xcconfig */,
				7C260A5ECD657D51404DCCD2 /* Pods-ListUsers.release.xcconfig */,
				5031AAD426F7215176DA1838 /* Pods-ListUsersTests.debug.xcconfig */,
				E57CF635DC26CDF539B8CFCD /* Pods-ListUsersTests.release.xcconfig */,
			);
			path = Pods;
			sourceTree = "<group>";
		};
/* End PBXGroup section */

/* Begin PBXNativeTarget section */
		95FC7AC729A93290005A45CC /* ListUsers */ = {
			isa = PBXNativeTarget;
			buildConfigurationList = 95FC7AF229A93295005A45CC /* Build configuration list for PBXNativeTarget "ListUsers" */;
			buildPhases = (
				EEF79C283314DB7CFF036957 /* [CP] Check Pods Manifest.lock */,
				95FC7AC429A93290005A45CC /* Sources */,
				95FC7AC529A93290005A45CC /* Frameworks */,
				95FC7AC629A93290005A45CC /* Resources */,
				7363B83A901AEA115FE91990 /* [CP] Embed Pods Frameworks */,
			);
			buildRules = (
			);
			dependencies = (
			);
			name = ListUsers;
			productName = ListUsers;
			productReference = 95FC7AC829A93290005A45CC /* ListUsers.app */;
			productType = "com.apple.product-type.application";
		};
		95FC7ADD29A93295005A45CC /* ListUsersTests */ = {
			isa = PBXNativeTarget;
			buildConfigurationList = 95FC7AF529A93295005A45CC /* Build configuration list for PBXNativeTarget "ListUsersTests" */;
			buildPhases = (
				18E3E9635174DF1F8D40B12E /* [CP] Check Pods Manifest.lock */,
				95FC7ADA29A93295005A45CC /* Sources */,
				95FC7ADB29A93295005A45CC /* Frameworks */,
				95FC7ADC29A93295005A45CC /* Resources */,
			);
			buildRules = (
			);
			dependencies = (
				95FC7AE029A93295005A45CC /* PBXTargetDependency */,
			);
			name = ListUsersTests;
			productName = ListUsersTests;
			productReference = 95FC7ADE29A93295005A45CC /* ListUsersTests.xctest */;
			productType = "com.apple.product-type.bundle.unit-test";
		};
		95FC7AE729A93295005A45CC /* ListUsersUITests */ = {
			isa = PBXNativeTarget;
			buildConfigurationList = 95FC7AF829A93295005A45CC /* Build configuration list for PBXNativeTarget "ListUsersUITests" */;
			buildPhases = (
				95FC7AE429A93295005A45CC /* Sources */,
				95FC7AE529A93295005A45CC /* Frameworks */,
				95FC7AE629A93295005A45CC /* Resources */,
			);
			buildRules = (
			);
			dependencies = (
				95FC7AEA29A93295005A45CC /* PBXTargetDependency */,
			);
			name = ListUsersUITests;
			productName = ListUsersUITests;
			productReference = 95FC7AE829A93295005A45CC /* ListUsersUITests.xctest */;
			productType = "com.apple.product-type.bundle.ui-testing";
		};
/* End PBXNativeTarget section */

/* Begin PBXProject section */
		95FC7AC029A93290005A45CC /* Project object */ = {
			isa = PBXProject;
			attributes = {
				BuildIndependentTargetsInParallel = 1;
				LastSwiftUpdateCheck = 1420;
				LastUpgradeCheck = 1420;
				TargetAttributes = {
					95FC7AC729A93290005A45CC = {
						CreatedOnToolsVersion = 14.2;
					};
					95FC7ADD29A93295005A45CC = {
						CreatedOnToolsVersion = 14.2;
						TestTargetID = 95FC7AC729A93290005A45CC;
					};
					95FC7AE729A93295005A45CC = {
						CreatedOnToolsVersion = 14.2;
						TestTargetID = 95FC7AC729A93290005A45CC;
					};
				};
			};
			buildConfigurationList = 95FC7AC329A93290005A45CC /* Build configuration list for PBXProject "ListUsers" */;
			compatibilityVersion = "Xcode 14.0";
			developmentRegion = en;
			hasScannedForEncodings = 0;
			knownRegions = (
				en,
				Base,
			);
			mainGroup = 95FC7ABF29A93290005A45CC;
			productRefGroup = 95FC7AC929A93290005A45CC /* Products */;
			projectDirPath = "";
			projectRoot = "";
			targets = (
				95FC7AC729A93290005A45CC /* ListUsers */,
				95FC7ADD29A93295005A45CC /* ListUsersTests */,
				95FC7AE729A93295005A45CC /* ListUsersUITests */,
			);
		};
/* End PBXProject section */

/* Begin PBXResourcesBuildPhase section */
		95FC7AC629A93290005A45CC /* Resources */ = {
			isa = PBXResourcesBuildPhase;
			buildActionMask = 2147483647;
			files = (
				95FC7AD829A93294005A45CC /* LaunchScreen.storyboard in Resources */,
				95FC7AD529A93294005A45CC /* Assets.xcassets in Resources */,
			);
			runOnlyForDeploymentPostprocessing = 0;
		};
		95FC7ADC29A93295005A45CC /* Resources */ = {
			isa = PBXResourcesBuildPhase;
			buildActionMask = 2147483647;
			files = (
			);
			runOnlyForDeploymentPostprocessing = 0;
		};
		95FC7AE629A93295005A45CC /* Resources */ = {
			isa = PBXResourcesBuildPhase;
			buildActionMask = 2147483647;
			files = (
			);
			runOnlyForDeploymentPostprocessing = 0;
		};
/* End PBXResourcesBuildPhase section */

/* Begin PBXShellScriptBuildPhase section */
		18E3E9635174DF1F8D40B12E /* [CP] Check Pods Manifest.lock */ = {
			isa = PBXShellScriptBuildPhase;
			buildActionMask = 2147483647;
			files = (
			);
			inputFileListPaths = (
			);
			inputPaths = (
				"${PODS_PODFILE_DIR_PATH}/Podfile.lock",
				"${PODS_ROOT}/Manifest.lock",
			);
			name = "[CP] Check Pods Manifest.lock";
			outputFileListPaths = (
			);
			outputPaths = (
				"$(DERIVED_FILE_DIR)/Pods-ListUsersTests-checkManifestLockResult.txt",
			);
			runOnlyForDeploymentPostprocessing = 0;
			shellPath = /bin/sh;
			shellScript = "diff \"${PODS_PODFILE_DIR_PATH}/Podfile.lock\" \"${PODS_ROOT}/Manifest.lock\" > /dev/null\nif [ $? != 0 ] ; then\n    # print error to STDERR\n    echo \"error: The sandbox is not in sync with the Podfile.lock. Run 'pod install' or update your CocoaPods installation.\" >&2\n    exit 1\nfi\n# This output is used by Xcode 'outputs' to avoid re-running this script phase.\necho \"SUCCESS\" > \"${SCRIPT_OUTPUT_FILE_0}\"\n";
			showEnvVarsInLog = 0;
		};
		7363B83A901AEA115FE91990 /* [CP] Embed Pods Frameworks */ = {
			isa = PBXShellScriptBuildPhase;
			buildActionMask = 2147483647;
			files = (
			);
			inputFileListPaths = (
				"${PODS_ROOT}/Target Support Files/Pods-ListUsers/Pods-ListUsers-frameworks-${CONFIGURATION}-input-files.xcfilelist",
			);
			name = "[CP] Embed Pods Frameworks";
			outputFileListPaths = (
				"${PODS_ROOT}/Target Support Files/Pods-ListUsers/Pods-ListUsers-frameworks-${CONFIGURATION}-output-files.xcfilelist",
			);
			runOnlyForDeploymentPostprocessing = 0;
			shellPath = /bin/sh;
			shellScript = "\"${PODS_ROOT}/Target Support Files/Pods-ListUsers/Pods-ListUsers-frameworks.sh\"\n";
			showEnvVarsInLog = 0;
		};
		EEF79C283314DB7CFF036957 /* [CP] Check Pods Manifest.lock */ = {
			isa = PBXShellScriptBuildPhase;
			buildActionMask = 2147483647;
			files = (
			);
			inputFileListPaths = (
			);
			inputPaths = (
				"${PODS_PODFILE_DIR_PATH}/Podfile.lock",
				"${PODS_ROOT}/Manifest.lock",
			);
			name = "[CP] Check Pods Manifest.lock";
			outputFileListPaths = (
			);
			outputPaths = (
				"$(DERIVED_FILE_DIR)/Pods-ListUsers-checkManifestLockResult.txt",
			);
			runOnlyForDeploymentPostprocessing = 0;
			shellPath = /bin/sh;
			shellScript = "diff \"${PODS_PODFILE_DIR_PATH}/Podfile.lock\" \"${PODS_ROOT}/Manifest.lock\" > /dev/null\nif [ $? != 0 ] ; then\n    # print error to STDERR\n    echo \"error: The sandbox is not in sync with the Podfile.lock. Run 'pod install' or update your CocoaPods installation.\" >&2\n    exit 1\nfi\n# This output is used by Xcode 'outputs' to avoid re-running this script phase.\necho \"SUCCESS\" > \"${SCRIPT_OUTPUT_FILE_0}\"\n";
			showEnvVarsInLog = 0;
		};
/* End PBXShellScriptBuildPhase section */

/* Begin PBXSourcesBuildPhase section */
		95FC7AC429A93290005A45CC /* Sources */ = {
			isa = PBXSourcesBuildPhase;
			buildActionMask = 2147483647;
			files = (
				95E931B629AEAE5300E294C4 /* UserDataModel.swift in Sources */,
				95E931C129AEE10E00E294C4 /* UsersListingViewModel.swift in Sources */,
				95FC7B2829AE3643005A45CC /* UILabel+.swift in Sources */,
				95E931C329AEE16B00E294C4 /* TableViewData.swift in Sources */,
				95E931C529AEE1BB00E294C4 /* EquatableAssociateValue.swift in Sources */,
				95FC7ACC29A93290005A45CC /* AppDelegate.swift in Sources */,
				95E931D129AEF69800E294C4 /* Networking.swift in Sources */,
				95E931D829AF88DD00E294C4 /* BaseNetworkingManager.swift in Sources */,
				95E931CF29AEEF0800E294C4 /* UIImageView+.swift in Sources */,
				95FC7B1929AE11C6005A45CC /* ErrorType.swift in Sources */,
				95E931CA29AEE34700E294C4 /* ReusableIdentifier.swift in Sources */,
				95E931C029AEE10E00E294C4 /* UsersListingView.swift in Sources */,
				95E931DD29AFCE6800E294C4 /* ToastView.swift in Sources */,
				95E931C829AEE2BE00E294C4 /* UsersListingTableViewCellView.swift in Sources */,
				95E931CC29AEE37200E294C4 /* UITableView+.swift in Sources */,
				95FC7B2A29AE3F24005A45CC /* TextField+.swift in Sources */,
				95E931B229AEAC0C00E294C4 /* GetServerWorker.swift in Sources */,
				95FC7ACE29A93290005A45CC /* SceneDelegate.swift in Sources */,
				95FC7B3029AE9E84005A45CC /* UIButton+.swift in Sources */,
				95FC7B0329ACDBF6005A45CC /* MainCoordinator.swift in Sources */,
				95FC7B1029AD1ADA005A45CC /* GetServerView.swift in Sources */,
				95E931BE29AEE10E00E294C4 /* UsersListingViewController.swift in Sources */,
				95FC7B2229AE32DE005A45CC /* UIHelper.swift in Sources */,
				95FC7B2429AE32F4005A45CC /* ViewCodeConfiguration.swift in Sources */,
				95E931E729AFF88F00E294C4 /* UIApplication+.swift in Sources */,
				95FC7B0629ACDF21005A45CC /* GetServerViewController.swift in Sources */,
				95FC7B0E29ACFC08005A45CC /* UIViewController+.swift in Sources */,
				95FC7B0C29ACFBEB005A45CC /* Int+.swift in Sources */,
				95FC7B1729AE11A0005A45CC /* EndpointType.swift in Sources */,
				95FC7B0829ACE340005A45CC /* LoadableViewController.swift in Sources */,
				95FC7B2C29AE473D005A45CC /* UIStyle.swift in Sources */,
				95FC7B1229AD1AF7005A45CC /* GetServerViewModel.swift in Sources */,
				95E931E129AFD19D00E294C4 /* ColorLuminosity.swift in Sources */,
				95E931DF29AFCE8E00E294C4 /* Colors.swift in Sources */,
				95FC7AFE29A93636005A45CC /* Coordinator.swift in Sources */,
				95E931D329AEFACB00E294C4 /* NetworkingManager.swift in Sources */,
				95E931DB29AFCB5200E294C4 /* Toast.swift in Sources */,
				95FC7B2E29AE47DF005A45CC /* UIColor+.swift in Sources */,
				95E931BF29AEE10E00E294C4 /* UsersListingTableViewData.swift in Sources */,
				95E931E529AFD9B600E294C4 /* AppSettings.swift in Sources */,
				95E931D529AF028400E294C4 /* UserEndpoint.swift in Sources */,
			);
			runOnlyForDeploymentPostprocessing = 0;
		};
		95FC7ADA29A93295005A45CC /* Sources */ = {
			isa = PBXSourcesBuildPhase;
			buildActionMask = 2147483647;
			files = (
				95FC7AE329A93295005A45CC /* ListUsersTests.swift in Sources */,
			);
			runOnlyForDeploymentPostprocessing = 0;
		};
		95FC7AE429A93295005A45CC /* Sources */ = {
			isa = PBXSourcesBuildPhase;
			buildActionMask = 2147483647;
			files = (
			);
			runOnlyForDeploymentPostprocessing = 0;
		};
/* End PBXSourcesBuildPhase section */

/* Begin PBXTargetDependency section */
		95FC7AE029A93295005A45CC /* PBXTargetDependency */ = {
			isa = PBXTargetDependency;
			target = 95FC7AC729A93290005A45CC /* ListUsers */;
			targetProxy = 95FC7ADF29A93295005A45CC /* PBXContainerItemProxy */;
		};
		95FC7AEA29A93295005A45CC /* PBXTargetDependency */ = {
			isa = PBXTargetDependency;
			target = 95FC7AC729A93290005A45CC /* ListUsers */;
			targetProxy = 95FC7AE929A93295005A45CC /* PBXContainerItemProxy */;
		};
/* End PBXTargetDependency section */

/* Begin PBXVariantGroup section */
		95FC7AD629A93294005A45CC /* LaunchScreen.storyboard */ = {
			isa = PBXVariantGroup;
			children = (
				95FC7AD729A93294005A45CC /* Base */,
			);
			name = LaunchScreen.storyboard;
			sourceTree = "<group>";
		};
/* End PBXVariantGroup section */

/* Begin XCBuildConfiguration section */
		95FC7AF029A93295005A45CC /* Debug */ = {
			isa = XCBuildConfiguration;
			buildSettings = {
				ALWAYS_SEARCH_USER_PATHS = NO;
				CLANG_ANALYZER_NONNULL = YES;
				CLANG_ANALYZER_NUMBER_OBJECT_CONVERSION = YES_AGGRESSIVE;
				CLANG_CXX_LANGUAGE_STANDARD = "gnu++20";
				CLANG_ENABLE_MODULES = YES;
				CLANG_ENABLE_OBJC_ARC = YES;
				CLANG_ENABLE_OBJC_WEAK = YES;
				CLANG_WARN_BLOCK_CAPTURE_AUTORELEASING = YES;
				CLANG_WARN_BOOL_CONVERSION = YES;
				CLANG_WARN_COMMA = YES;
				CLANG_WARN_CONSTANT_CONVERSION = YES;
				CLANG_WARN_DEPRECATED_OBJC_IMPLEMENTATIONS = YES;
				CLANG_WARN_DIRECT_OBJC_ISA_USAGE = YES_ERROR;
				CLANG_WARN_DOCUMENTATION_COMMENTS = YES;
				CLANG_WARN_EMPTY_BODY = YES;
				CLANG_WARN_ENUM_CONVERSION = YES;
				CLANG_WARN_INFINITE_RECURSION = YES;
				CLANG_WARN_INT_CONVERSION = YES;
				CLANG_WARN_NON_LITERAL_NULL_CONVERSION = YES;
				CLANG_WARN_OBJC_IMPLICIT_RETAIN_SELF = YES;
				CLANG_WARN_OBJC_LITERAL_CONVERSION = YES;
				CLANG_WARN_OBJC_ROOT_CLASS = YES_ERROR;
				CLANG_WARN_QUOTED_INCLUDE_IN_FRAMEWORK_HEADER = YES;
				CLANG_WARN_RANGE_LOOP_ANALYSIS = YES;
				CLANG_WARN_STRICT_PROTOTYPES = YES;
				CLANG_WARN_SUSPICIOUS_MOVE = YES;
				CLANG_WARN_UNGUARDED_AVAILABILITY = YES_AGGRESSIVE;
				CLANG_WARN_UNREACHABLE_CODE = YES;
				CLANG_WARN__DUPLICATE_METHOD_MATCH = YES;
				COPY_PHASE_STRIP = NO;
				DEBUG_INFORMATION_FORMAT = dwarf;
				ENABLE_STRICT_OBJC_MSGSEND = YES;
				ENABLE_TESTABILITY = YES;
				GCC_C_LANGUAGE_STANDARD = gnu11;
				GCC_DYNAMIC_NO_PIC = NO;
				GCC_NO_COMMON_BLOCKS = YES;
				GCC_OPTIMIZATION_LEVEL = 0;
				GCC_PREPROCESSOR_DEFINITIONS = (
					"DEBUG=1",
					"$(inherited)",
				);
				GCC_WARN_64_TO_32_BIT_CONVERSION = YES;
				GCC_WARN_ABOUT_RETURN_TYPE = YES_ERROR;
				GCC_WARN_UNDECLARED_SELECTOR = YES;
				GCC_WARN_UNINITIALIZED_AUTOS = YES_AGGRESSIVE;
				GCC_WARN_UNUSED_FUNCTION = YES;
				GCC_WARN_UNUSED_VARIABLE = YES;
				IPHONEOS_DEPLOYMENT_TARGET = 16.2;
				MTL_ENABLE_DEBUG_INFO = INCLUDE_SOURCE;
				MTL_FAST_MATH = YES;
				ONLY_ACTIVE_ARCH = YES;
				SDKROOT = iphoneos;
				SWIFT_ACTIVE_COMPILATION_CONDITIONS = DEBUG;
				SWIFT_OPTIMIZATION_LEVEL = "-Onone";
			};
			name = Debug;
		};
		95FC7AF129A93295005A45CC /* Release */ = {
			isa = XCBuildConfiguration;
			buildSettings = {
				ALWAYS_SEARCH_USER_PATHS = NO;
				CLANG_ANALYZER_NONNULL = YES;
				CLANG_ANALYZER_NUMBER_OBJECT_CONVERSION = YES_AGGRESSIVE;
				CLANG_CXX_LANGUAGE_STANDARD = "gnu++20";
				CLANG_ENABLE_MODULES = YES;
				CLANG_ENABLE_OBJC_ARC = YES;
				CLANG_ENABLE_OBJC_WEAK = YES;
				CLANG_WARN_BLOCK_CAPTURE_AUTORELEASING = YES;
				CLANG_WARN_BOOL_CONVERSION = YES;
				CLANG_WARN_COMMA = YES;
				CLANG_WARN_CONSTANT_CONVERSION = YES;
				CLANG_WARN_DEPRECATED_OBJC_IMPLEMENTATIONS = YES;
				CLANG_WARN_DIRECT_OBJC_ISA_USAGE = YES_ERROR;
				CLANG_WARN_DOCUMENTATION_COMMENTS = YES;
				CLANG_WARN_EMPTY_BODY = YES;
				CLANG_WARN_ENUM_CONVERSION = YES;
				CLANG_WARN_INFINITE_RECURSION = YES;
				CLANG_WARN_INT_CONVERSION = YES;
				CLANG_WARN_NON_LITERAL_NULL_CONVERSION = YES;
				CLANG_WARN_OBJC_IMPLICIT_RETAIN_SELF = YES;
				CLANG_WARN_OBJC_LITERAL_CONVERSION = YES;
				CLANG_WARN_OBJC_ROOT_CLASS = YES_ERROR;
				CLANG_WARN_QUOTED_INCLUDE_IN_FRAMEWORK_HEADER = YES;
				CLANG_WARN_RANGE_LOOP_ANALYSIS = YES;
				CLANG_WARN_STRICT_PROTOTYPES = YES;
				CLANG_WARN_SUSPICIOUS_MOVE = YES;
				CLANG_WARN_UNGUARDED_AVAILABILITY = YES_AGGRESSIVE;
				CLANG_WARN_UNREACHABLE_CODE = YES;
				CLANG_WARN__DUPLICATE_METHOD_MATCH = YES;
				COPY_PHASE_STRIP = NO;
				DEBUG_INFORMATION_FORMAT = "dwarf-with-dsym";
				ENABLE_NS_ASSERTIONS = NO;
				ENABLE_STRICT_OBJC_MSGSEND = YES;
				GCC_C_LANGUAGE_STANDARD = gnu11;
				GCC_NO_COMMON_BLOCKS = YES;
				GCC_WARN_64_TO_32_BIT_CONVERSION = YES;
				GCC_WARN_ABOUT_RETURN_TYPE = YES_ERROR;
				GCC_WARN_UNDECLARED_SELECTOR = YES;
				GCC_WARN_UNINITIALIZED_AUTOS = YES_AGGRESSIVE;
				GCC_WARN_UNUSED_FUNCTION = YES;
				GCC_WARN_UNUSED_VARIABLE = YES;
				IPHONEOS_DEPLOYMENT_TARGET = 16.2;
				MTL_ENABLE_DEBUG_INFO = NO;
				MTL_FAST_MATH = YES;
				SDKROOT = iphoneos;
				SWIFT_COMPILATION_MODE = wholemodule;
				SWIFT_OPTIMIZATION_LEVEL = "-O";
				VALIDATE_PRODUCT = YES;
			};
			name = Release;
		};
		95FC7AF329A93295005A45CC /* Debug */ = {
			isa = XCBuildConfiguration;
			baseConfigurationReference = 55A8B2DA33DA8DD24DA18488 /* Pods-ListUsers.debug.xcconfig */;
			buildSettings = {
				ASSETCATALOG_COMPILER_APPICON_NAME = AppIcon;
				ASSETCATALOG_COMPILER_GLOBAL_ACCENT_COLOR_NAME = AccentColor;
				CODE_SIGN_STYLE = Automatic;
				CURRENT_PROJECT_VERSION = 1;
				DEVELOPMENT_TEAM = QGLB5S4Q5L;
				GENERATE_INFOPLIST_FILE = YES;
				INFOPLIST_FILE = ListUsers/SupportingFiles/Info.plist;
				INFOPLIST_KEY_CFBundleDisplayName = "List Users";
				INFOPLIST_KEY_LSApplicationCategoryType = "public.app-category.utilities";
				INFOPLIST_KEY_UIApplicationSupportsIndirectInputEvents = YES;
				INFOPLIST_KEY_UILaunchStoryboardName = LaunchScreen.storyboard;
				INFOPLIST_KEY_UIMainStoryboardFile = "";
				INFOPLIST_KEY_UISupportedInterfaceOrientations = UIInterfaceOrientationPortrait;
				INFOPLIST_KEY_UISupportedInterfaceOrientations_iPad = "UIInterfaceOrientationLandscapeLeft UIInterfaceOrientationLandscapeRight UIInterfaceOrientationPortraitUpsideDown";
				IPHONEOS_DEPLOYMENT_TARGET = 13.0;
				LD_RUNPATH_SEARCH_PATHS = (
					"$(inherited)",
					"@executable_path/Frameworks",
				);
				MARKETING_VERSION = 1.0;
				PRODUCT_BUNDLE_IDENTIFIER = com.igorgcustodio.ListUsers;
				PRODUCT_NAME = "$(TARGET_NAME)";
				SUPPORTED_PLATFORMS = "iphoneos iphonesimulator";
				SUPPORTS_MACCATALYST = NO;
				SUPPORTS_MAC_DESIGNED_FOR_IPHONE_IPAD = NO;
				SWIFT_EMIT_LOC_STRINGS = YES;
				SWIFT_VERSION = 5.0;
				TARGETED_DEVICE_FAMILY = 1;
			};
			name = Debug;
		};
		95FC7AF429A93295005A45CC /* Release */ = {
			isa = XCBuildConfiguration;
			baseConfigurationReference = 7C260A5ECD657D51404DCCD2 /* Pods-ListUsers.release.xcconfig */;
			buildSettings = {
				ASSETCATALOG_COMPILER_APPICON_NAME = AppIcon;
				ASSETCATALOG_COMPILER_GLOBAL_ACCENT_COLOR_NAME = AccentColor;
				CODE_SIGN_STYLE = Automatic;
				CURRENT_PROJECT_VERSION = 1;
				DEVELOPMENT_TEAM = QGLB5S4Q5L;
				GENERATE_INFOPLIST_FILE = YES;
				INFOPLIST_FILE = ListUsers/SupportingFiles/Info.plist;
				INFOPLIST_KEY_CFBundleDisplayName = "List Users";
				INFOPLIST_KEY_LSApplicationCategoryType = "public.app-category.utilities";
				INFOPLIST_KEY_UIApplicationSupportsIndirectInputEvents = YES;
				INFOPLIST_KEY_UILaunchStoryboardName = LaunchScreen.storyboard;
				INFOPLIST_KEY_UIMainStoryboardFile = "";
				INFOPLIST_KEY_UISupportedInterfaceOrientations = UIInterfaceOrientationPortrait;
				INFOPLIST_KEY_UISupportedInterfaceOrientations_iPad = "UIInterfaceOrientationLandscapeLeft UIInterfaceOrientationLandscapeRight UIInterfaceOrientationPortraitUpsideDown";
				IPHONEOS_DEPLOYMENT_TARGET = 13.0;
				LD_RUNPATH_SEARCH_PATHS = (
					"$(inherited)",
					"@executable_path/Frameworks",
				);
				MARKETING_VERSION = 1.0;
				PRODUCT_BUNDLE_IDENTIFIER = com.igorgcustodio.ListUsers;
				PRODUCT_NAME = "$(TARGET_NAME)";
				SUPPORTED_PLATFORMS = "iphoneos iphonesimulator";
				SUPPORTS_MACCATALYST = NO;
				SUPPORTS_MAC_DESIGNED_FOR_IPHONE_IPAD = NO;
				SWIFT_EMIT_LOC_STRINGS = YES;
				SWIFT_VERSION = 5.0;
				TARGETED_DEVICE_FAMILY = 1;
			};
			name = Release;
		};
		95FC7AF629A93295005A45CC /* Debug */ = {
			isa = XCBuildConfiguration;
			baseConfigurationReference = 5031AAD426F7215176DA1838 /* Pods-ListUsersTests.debug.xcconfig */;
			buildSettings = {
				ALWAYS_EMBED_SWIFT_STANDARD_LIBRARIES = YES;
				BUNDLE_LOADER = "$(TEST_HOST)";
				CODE_SIGN_STYLE = Automatic;
				CURRENT_PROJECT_VERSION = 1;
				DEVELOPMENT_TEAM = QGLB5S4Q5L;
				GENERATE_INFOPLIST_FILE = YES;
				IPHONEOS_DEPLOYMENT_TARGET = 16.2;
				MARKETING_VERSION = 1.0;
				PRODUCT_BUNDLE_IDENTIFIER = com.igorgcustodio.ListUsersTests;
				PRODUCT_NAME = "$(TARGET_NAME)";
				SWIFT_EMIT_LOC_STRINGS = NO;
				SWIFT_VERSION = 5.0;
				TARGETED_DEVICE_FAMILY = "1,2";
				TEST_HOST = "$(BUILT_PRODUCTS_DIR)/ListUsers.app/$(BUNDLE_EXECUTABLE_FOLDER_PATH)/ListUsers";
			};
			name = Debug;
		};
		95FC7AF729A93295005A45CC /* Release */ = {
			isa = XCBuildConfiguration;
			baseConfigurationReference = E57CF635DC26CDF539B8CFCD /* Pods-ListUsersTests.release.xcconfig */;
			buildSettings = {
				ALWAYS_EMBED_SWIFT_STANDARD_LIBRARIES = YES;
				BUNDLE_LOADER = "$(TEST_HOST)";
				CODE_SIGN_STYLE = Automatic;
				CURRENT_PROJECT_VERSION = 1;
				DEVELOPMENT_TEAM = QGLB5S4Q5L;
				GENERATE_INFOPLIST_FILE = YES;
				IPHONEOS_DEPLOYMENT_TARGET = 16.2;
				MARKETING_VERSION = 1.0;
				PRODUCT_BUNDLE_IDENTIFIER = com.igorgcustodio.ListUsersTests;
				PRODUCT_NAME = "$(TARGET_NAME)";
				SWIFT_EMIT_LOC_STRINGS = NO;
				SWIFT_VERSION = 5.0;
				TARGETED_DEVICE_FAMILY = "1,2";
				TEST_HOST = "$(BUILT_PRODUCTS_DIR)/ListUsers.app/$(BUNDLE_EXECUTABLE_FOLDER_PATH)/ListUsers";
			};
			name = Release;
		};
		95FC7AF929A93295005A45CC /* Debug */ = {
			isa = XCBuildConfiguration;
			buildSettings = {
				ALWAYS_EMBED_SWIFT_STANDARD_LIBRARIES = YES;
				CODE_SIGN_STYLE = Automatic;
				CURRENT_PROJECT_VERSION = 1;
				DEVELOPMENT_TEAM = QGLB5S4Q5L;
				GENERATE_INFOPLIST_FILE = YES;
				MARKETING_VERSION = 1.0;
				PRODUCT_BUNDLE_IDENTIFIER = com.igorgcustodio.ListUsersUITests;
				PRODUCT_NAME = "$(TARGET_NAME)";
				SWIFT_EMIT_LOC_STRINGS = NO;
				SWIFT_VERSION = 5.0;
				TARGETED_DEVICE_FAMILY = "1,2";
				TEST_TARGET_NAME = ListUsers;
			};
			name = Debug;
		};
		95FC7AFA29A93295005A45CC /* Release */ = {
			isa = XCBuildConfiguration;
			buildSettings = {
				ALWAYS_EMBED_SWIFT_STANDARD_LIBRARIES = YES;
				CODE_SIGN_STYLE = Automatic;
				CURRENT_PROJECT_VERSION = 1;
				DEVELOPMENT_TEAM = QGLB5S4Q5L;
				GENERATE_INFOPLIST_FILE = YES;
				MARKETING_VERSION = 1.0;
				PRODUCT_BUNDLE_IDENTIFIER = com.igorgcustodio.ListUsersUITests;
				PRODUCT_NAME = "$(TARGET_NAME)";
				SWIFT_EMIT_LOC_STRINGS = NO;
				SWIFT_VERSION = 5.0;
				TARGETED_DEVICE_FAMILY = "1,2";
				TEST_TARGET_NAME = ListUsers;
			};
			name = Release;
		};
/* End XCBuildConfiguration section */

/* Begin XCConfigurationList section */
		95FC7AC329A93290005A45CC /* Build configuration list for PBXProject "ListUsers" */ = {
			isa = XCConfigurationList;
			buildConfigurations = (
				95FC7AF029A93295005A45CC /* Debug */,
				95FC7AF129A93295005A45CC /* Release */,
			);
			defaultConfigurationIsVisible = 0;
			defaultConfigurationName = Release;
		};
		95FC7AF229A93295005A45CC /* Build configuration list for PBXNativeTarget "ListUsers" */ = {
			isa = XCConfigurationList;
			buildConfigurations = (
				95FC7AF329A93295005A45CC /* Debug */,
				95FC7AF429A93295005A45CC /* Release */,
			);
			defaultConfigurationIsVisible = 0;
			defaultConfigurationName = Release;
		};
		95FC7AF529A93295005A45CC /* Build configuration list for PBXNativeTarget "ListUsersTests" */ = {
			isa = XCConfigurationList;
			buildConfigurations = (
				95FC7AF629A93295005A45CC /* Debug */,
				95FC7AF729A93295005A45CC /* Release */,
			);
			defaultConfigurationIsVisible = 0;
			defaultConfigurationName = Release;
		};
		95FC7AF829A93295005A45CC /* Build configuration list for PBXNativeTarget "ListUsersUITests" */ = {
			isa = XCConfigurationList;
			buildConfigurations = (
				95FC7AF929A93295005A45CC /* Debug */,
				95FC7AFA29A93295005A45CC /* Release */,
			);
			defaultConfigurationIsVisible = 0;
			defaultConfigurationName = Release;
		};
/* End XCConfigurationList section */
	};
	rootObject = 95FC7AC029A93290005A45CC /* Project object */;
}
