// !$*UTF8*$!
{
	archiveVersion = 1;
	classes = {
	};
	objectVersion = 56;
	objects = {

/* Begin PBXBuildFile section */
		95FC7ACC29A93290005A45CC /* AppDelegate.swift in Sources */ = {isa = PBXBuildFile; fileRef = 95FC7ACB29A93290005A45CC /* AppDelegate.swift */; };
		95FC7ACE29A93290005A45CC /* SceneDelegate.swift in Sources */ = {isa = PBXBuildFile; fileRef = 95FC7ACD29A93290005A45CC /* SceneDelegate.swift */; };
		95FC7AD029A93290005A45CC /* ViewController.swift in Sources */ = {isa = PBXBuildFile; fileRef = 95FC7ACF29A93290005A45CC /* ViewController.swift */; };
		95FC7AD329A93290005A45CC /* Main.storyboard in Resources */ = {isa = PBXBuildFile; fileRef = 95FC7AD129A93290005A45CC /* Main.storyboard */; };
		95FC7AD529A93294005A45CC /* Assets.xcassets in Resources */ = {isa = PBXBuildFile; fileRef = 95FC7AD429A93294005A45CC /* Assets.xcassets */; };
		95FC7AD829A93294005A45CC /* LaunchScreen.storyboard in Resources */ = {isa = PBXBuildFile; fileRef = 95FC7AD629A93294005A45CC /* LaunchScreen.storyboard */; };
		95FC7AE329A93295005A45CC /* ListUsersTests.swift in Sources */ = {isa = PBXBuildFile; fileRef = 95FC7AE229A93295005A45CC /* ListUsersTests.swift */; };
		95FC7AED29A93295005A45CC /* ListUsersUITests.swift in Sources */ = {isa = PBXBuildFile; fileRef = 95FC7AEC29A93295005A45CC /* ListUsersUITests.swift */; };
		95FC7AEF29A93295005A45CC /* ListUsersUITestsLaunchTests.swift in Sources */ = {isa = PBXBuildFile; fileRef = 95FC7AEE29A93295005A45CC /* ListUsersUITestsLaunchTests.swift */; };
/* End PBXBuildFile section */

/* Begin PBXContainerItemProxy section */
		95FC7ADF29A93295005A45CC /* PBXContainerItemProxy */ = {
			isa = PBXContainerItemProxy;
			containerPortal = 95FC7AC029A93290005A45CC /* Project object */;
			proxyType = 1;
			remoteGlobalIDString = 95FC7AC729A93290005A45CC;
			remoteInfo = ListUsers;
		};
		95FC7AE929A93295005A45CC /* PBXContainerItemProxy */ = {
			isa = PBXContainerItemProxy;
			containerPortal = 95FC7AC029A93290005A45CC /* Project object */;
			proxyType = 1;
			remoteGlobalIDString = 95FC7AC729A93290005A45CC;
			remoteInfo = ListUsers;
		};
/* End PBXContainerItemProxy section */

/* Begin PBXFileReference section */
		95FC7AC829A93290005A45CC /* ListUsers.app */ = {isa = PBXFileReference; explicitFileType = wrapper.application; includeInIndex = 0; path = ListUsers.app; sourceTree = BUILT_PRODUCTS_DIR; };
		95FC7ACB29A93290005A45CC /* AppDelegate.swift */ = {isa = PBXFileReference; lastKnownFileType = sourcecode.swift; path = AppDelegate.swift; sourceTree = "<group>"; };
		95FC7ACD29A93290005A45CC /* SceneDelegate.swift */ = {isa = PBXFileReference; lastKnownFileType = sourcecode.swift; path = SceneDelegate.swift; sourceTree = "<group>"; };
		95FC7ACF29A93290005A45CC /* ViewController.swift */ = {isa = PBXFileReference; lastKnownFileType = sourcecode.swift; path = ViewController.swift; sourceTree = "<group>"; };
		95FC7AD229A93290005A45CC /* Base */ = {isa = PBXFileReference; lastKnownFileType = file.storyboard; name = Base; path = Base.lproj/Main.storyboard; sourceTree = "<group>"; };
		95FC7AD429A93294005A45CC /* Assets.xcassets */ = {isa = PBXFileReference; lastKnownFileType = folder.assetcatalog; path = Assets.xcassets; sourceTree = "<group>"; };
		95FC7AD729A93294005A45CC /* Base */ = {isa = PBXFileReference; lastKnownFileType = file.storyboard; name = Base; path = Base.lproj/LaunchScreen.storyboard; sourceTree = "<group>"; };
		95FC7AD929A93294005A45CC /* Info.plist */ = {isa = PBXFileReference; lastKnownFileType = text.plist.xml; path = Info.plist; sourceTree = "<group>"; };
		95FC7ADE29A93295005A45CC /* ListUsersTests.xctest */ = {isa = PBXFileReference; explicitFileType = wrapper.cfbundle; includeInIndex = 0; path = ListUsersTests.xctest; sourceTree = BUILT_PRODUCTS_DIR; };
		95FC7AE229A93295005A45CC /* ListUsersTests.swift */ = {isa = PBXFileReference; lastKnownFileType = sourcecode.swift; path = ListUsersTests.swift; sourceTree = "<group>"; };
		95FC7AE829A93295005A45CC /* ListUsersUITests.xctest */ = {isa = PBXFileReference; explicitFileType = wrapper.cfbundle; includeInIndex = 0; path = ListUsersUITests.xctest; sourceTree = BUILT_PRODUCTS_DIR; };
		95FC7AEC29A93295005A45CC /* ListUsersUITests.swift */ = {isa = PBXFileReference; lastKnownFileType = sourcecode.swift; path = ListUsersUITests.swift; sourceTree = "<group>"; };
		95FC7AEE29A93295005A45CC /* ListUsersUITestsLaunchTests.swift */ = {isa = PBXFileReference; lastKnownFileType = sourcecode.swift; path = ListUsersUITestsLaunchTests.swift; sourceTree = "<group>"; };
/* End PBXFileReference section */

/* Begin PBXFrameworksBuildPhase section */
		95FC7AC529A93290005A45CC /* Frameworks */ = {
			isa = PBXFrameworksBuildPhase;
			buildActionMask = 2147483647;
			files = (
			);
			runOnlyForDeploymentPostprocessing = 0;
		};
		95FC7ADB29A93295005A45CC /* Frameworks */ = {
			isa = PBXFrameworksBuildPhase;
			buildActionMask = 2147483647;
			files = (
			);
			runOnlyForDeploymentPostprocessing = 0;
		};
		95FC7AE529A93295005A45CC /* Frameworks */ = {
			isa = PBXFrameworksBuildPhase;
			buildActionMask = 2147483647;
			files = (
			);
			runOnlyForDeploymentPostprocessing = 0;
		};
/* End PBXFrameworksBuildPhase section */

/* Begin PBXGroup section */
		95FC7ABF29A93290005A45CC = {
			isa = PBXGroup;
			children = (
				95FC7ACA29A93290005A45CC /* ListUsers */,
				95FC7AE129A93295005A45CC /* ListUsersTests */,
				95FC7AEB29A93295005A45CC /* ListUsersUITests */,
				95FC7AC929A93290005A45CC /* Products */,
			);
			sourceTree = "<group>";
		};
		95FC7AC929A93290005A45CC /* Products */ = {
			isa = PBXGroup;
			children = (
				95FC7AC829A93290005A45CC /* ListUsers.app */,
				95FC7ADE29A93295005A45CC /* ListUsersTests.xctest */,
				95FC7AE829A93295005A45CC /* ListUsersUITests.xctest */,
			);
			name = Products;
			sourceTree = "<group>";
		};
		95FC7ACA29A93290005A45CC /* ListUsers */ = {
			isa = PBXGroup;
			children = (
				95FC7ACB29A93290005A45CC /* AppDelegate.swift */,
				95FC7ACD29A93290005A45CC /* SceneDelegate.swift */,
				95FC7ACF29A93290005A45CC /* ViewController.swift */,
				95FC7AD129A93290005A45CC /* Main.storyboard */,
				95FC7AD429A93294005A45CC /* Assets.xcassets */,
				95FC7AD629A93294005A45CC /* LaunchScreen.storyboard */,
				95FC7AD929A93294005A45CC /* Info.plist */,
			);
			path = ListUsers;
			sourceTree = "<group>";
		};
		95FC7AE129A93295005A45CC /* ListUsersTests */ = {
			isa = PBXGroup;
			children = (
				95FC7AE229A93295005A45CC /* ListUsersTests.swift */,
			);
			path = ListUsersTests;
			sourceTree = "<group>";
		};
		95FC7AEB29A93295005A45CC /* ListUsersUITests */ = {
			isa = PBXGroup;
			children = (
				95FC7AEC29A93295005A45CC /* ListUsersUITests.swift */,
				95FC7AEE29A93295005A45CC /* ListUsersUITestsLaunchTests.swift */,
			);
			path = ListUsersUITests;
			sourceTree = "<group>";
		};
/* End PBXGroup section */

/* Begin PBXNativeTarget section */
		95FC7AC729A93290005A45CC /* ListUsers */ = {
			isa = PBXNativeTarget;
			buildConfigurationList = 95FC7AF229A93295005A45CC /* Build configuration list for PBXNativeTarget "ListUsers" */;
			buildPhases = (
				95FC7AC429A93290005A45CC /* Sources */,
				95FC7AC529A93290005A45CC /* Frameworks */,
				95FC7AC629A93290005A45CC /* Resources */,
			);
			buildRules = (
			);
			dependencies = (
			);
			name = ListUsers;
			productName = ListUsers;
			productReference = 95FC7AC829A93290005A45CC /* ListUsers.app */;
			productType = "com.apple.product-type.application";
		};
		95FC7ADD29A93295005A45CC /* ListUsersTests */ = {
			isa = PBXNativeTarget;
			buildConfigurationList = 95FC7AF529A93295005A45CC /* Build configuration list for PBXNativeTarget "ListUsersTests" */;
			buildPhases = (
				95FC7ADA29A93295005A45CC /* Sources */,
				95FC7ADB29A93295005A45CC /* Frameworks */,
				95FC7ADC29A93295005A45CC /* Resources */,
			);
			buildRules = (
			);
			dependencies = (
				95FC7AE029A93295005A45CC /* PBXTargetDependency */,
			);
			name = ListUsersTests;
			productName = ListUsersTests;
			productReference = 95FC7ADE29A93295005A45CC /* ListUsersTests.xctest */;
			productType = "com.apple.product-type.bundle.unit-test";
		};
		95FC7AE729A93295005A45CC /* ListUsersUITests */ = {
			isa = PBXNativeTarget;
			buildConfigurationList = 95FC7AF829A93295005A45CC /* Build configuration list for PBXNativeTarget "ListUsersUITests" */;
			buildPhases = (
				95FC7AE429A93295005A45CC /* Sources */,
				95FC7AE529A93295005A45CC /* Frameworks */,
				95FC7AE629A93295005A45CC /* Resources */,
			);
			buildRules = (
			);
			dependencies = (
				95FC7AEA29A93295005A45CC /* PBXTargetDependency */,
			);
			name = ListUsersUITests;
			productName = ListUsersUITests;
			productReference = 95FC7AE829A93295005A45CC /* ListUsersUITests.xctest */;
			productType = "com.apple.product-type.bundle.ui-testing";
		};
/* End PBXNativeTarget section */

/* Begin PBXProject section */
		95FC7AC029A93290005A45CC /* Project object */ = {
			isa = PBXProject;
			attributes = {
				BuildIndependentTargetsInParallel = 1;
				LastSwiftUpdateCheck = 1420;
				LastUpgradeCheck = 1420;
				TargetAttributes = {
					95FC7AC729A93290005A45CC = {
						CreatedOnToolsVersion = 14.2;
					};
					95FC7ADD29A93295005A45CC = {
						CreatedOnToolsVersion = 14.2;
						TestTargetID = 95FC7AC729A93290005A45CC;
					};
					95FC7AE729A93295005A45CC = {
						CreatedOnToolsVersion = 14.2;
						TestTargetID = 95FC7AC729A93290005A45CC;
					};
				};
			};
			buildConfigurationList = 95FC7AC329A93290005A45CC /* Build configuration list for PBXProject "ListUsers" */;
			compatibilityVersion = "Xcode 14.0";
			developmentRegion = en;
			hasScannedForEncodings = 0;
			knownRegions = (
				en,
				Base,
			);
			mainGroup = 95FC7ABF29A93290005A45CC;
			productRefGroup = 95FC7AC929A93290005A45CC /* Products */;
			projectDirPath = "";
			projectRoot = "";
			targets = (
				95FC7AC729A93290005A45CC /* ListUsers */,
				95FC7ADD29A93295005A45CC /* ListUsersTests */,
				95FC7AE729A93295005A45CC /* ListUsersUITests */,
			);
		};
/* End PBXProject section */

/* Begin PBXResourcesBuildPhase section */
		95FC7AC629A93290005A45CC /* Resources */ = {
			isa = PBXResourcesBuildPhase;
			buildActionMask = 2147483647;
			files = (
				95FC7AD829A93294005A45CC /* LaunchScreen.storyboard in Resources */,
				95FC7AD529A93294005A45CC /* Assets.xcassets in Resources */,
				95FC7AD329A93290005A45CC /* Main.storyboard in Resources */,
			);
			runOnlyForDeploymentPostprocessing = 0;
		};
		95FC7ADC29A93295005A45CC /* Resources */ = {
			isa = PBXResourcesBuildPhase;
			buildActionMask = 2147483647;
			files = (
			);
			runOnlyForDeploymentPostprocessing = 0;
		};
		95FC7AE629A93295005A45CC /* Resources */ = {
			isa = PBXResourcesBuildPhase;
			buildActionMask = 2147483647;
			files = (
			);
			runOnlyForDeploymentPostprocessing = 0;
		};
/* End PBXResourcesBuildPhase section */

/* Begin PBXSourcesBuildPhase section */
		95FC7AC429A93290005A45CC /* Sources */ = {
			isa = PBXSourcesBuildPhase;
			buildActionMask = 2147483647;
			files = (
				95FC7AD029A93290005A45CC /* ViewController.swift in Sources */,
				95FC7ACC29A93290005A45CC /* AppDelegate.swift in Sources */,
				95FC7ACE29A93290005A45CC /* SceneDelegate.swift in Sources */,
			);
			runOnlyForDeploymentPostprocessing = 0;
		};
		95FC7ADA29A93295005A45CC /* Sources */ = {
			isa = PBXSourcesBuildPhase;
			buildActionMask = 2147483647;
			files = (
				95FC7AE329A93295005A45CC /* ListUsersTests.swift in Sources */,
			);
			runOnlyForDeploymentPostprocessing = 0;
		};
		95FC7AE429A93295005A45CC /* Sources */ = {
			isa = PBXSourcesBuildPhase;
			buildActionMask = 2147483647;
			files = (
				95FC7AED29A93295005A45CC /* ListUsersUITests.swift in Sources */,
				95FC7AEF29A93295005A45CC /* ListUsersUITestsLaunchTests.swift in Sources */,
			);
			runOnlyForDeploymentPostprocessing = 0;
		};
/* End PBXSourcesBuildPhase section */

/* Begin PBXTargetDependency section */
		95FC7AE029A93295005A45CC /* PBXTargetDependency */ = {
			isa = PBXTargetDependency;
			target = 95FC7AC729A93290005A45CC /* ListUsers */;
			targetProxy = 95FC7ADF29A93295005A45CC /* PBXContainerItemProxy */;
		};
		95FC7AEA29A93295005A45CC /* PBXTargetDependency */ = {
			isa = PBXTargetDependency;
			target = 95FC7AC729A93290005A45CC /* ListUsers */;
			targetProxy = 95FC7AE929A93295005A45CC /* PBXContainerItemProxy */;
		};
/* End PBXTargetDependency section */

/* Begin PBXVariantGroup section */
		95FC7AD129A93290005A45CC /* Main.storyboard */ = {
			isa = PBXVariantGroup;
			children = (
				95FC7AD229A93290005A45CC /* Base */,
			);
			name = Main.storyboard;
			sourceTree = "<group>";
		};
		95FC7AD629A93294005A45CC /* LaunchScreen.storyboard */ = {
			isa = PBXVariantGroup;
			children = (
				95FC7AD729A93294005A45CC /* Base */,
			);
			name = LaunchScreen.storyboard;
			sourceTree = "<group>";
		};
/* End PBXVariantGroup section */

/* Begin XCBuildConfiguration section */
		95FC7AF029A93295005A45CC /* Debug */ = {
			isa = XCBuildConfiguration;
			buildSettings = {
				ALWAYS_SEARCH_USER_PATHS = NO;
				CLANG_ANALYZER_NONNULL = YES;
				CLANG_ANALYZER_NUMBER_OBJECT_CONVERSION = YES_AGGRESSIVE;
				CLANG_CXX_LANGUAGE_STANDARD = "gnu++20";
				CLANG_ENABLE_MODULES = YES;
				CLANG_ENABLE_OBJC_ARC = YES;
				CLANG_ENABLE_OBJC_WEAK = YES;
				CLANG_WARN_BLOCK_CAPTURE_AUTORELEASING = YES;
				CLANG_WARN_BOOL_CONVERSION = YES;
				CLANG_WARN_COMMA = YES;
				CLANG_WARN_CONSTANT_CONVERSION = YES;
				CLANG_WARN_DEPRECATED_OBJC_IMPLEMENTATIONS = YES;
				CLANG_WARN_DIRECT_OBJC_ISA_USAGE = YES_ERROR;
				CLANG_WARN_DOCUMENTATION_COMMENTS = YES;
				CLANG_WARN_EMPTY_BODY = YES;
				CLANG_WARN_ENUM_CONVERSION = YES;
				CLANG_WARN_INFINITE_RECURSION = YES;
				CLANG_WARN_INT_CONVERSION = YES;
				CLANG_WARN_NON_LITERAL_NULL_CONVERSION = YES;
				CLANG_WARN_OBJC_IMPLICIT_RETAIN_SELF = YES;
				CLANG_WARN_OBJC_LITERAL_CONVERSION = YES;
				CLANG_WARN_OBJC_ROOT_CLASS = YES_ERROR;
				CLANG_WARN_QUOTED_INCLUDE_IN_FRAMEWORK_HEADER = YES;
				CLANG_WARN_RANGE_LOOP_ANALYSIS = YES;
				CLANG_WARN_STRICT_PROTOTYPES = YES;
				CLANG_WARN_SUSPICIOUS_MOVE = YES;
				CLANG_WARN_UNGUARDED_AVAILABILITY = YES_AGGRESSIVE;
				CLANG_WARN_UNREACHABLE_CODE = YES;
				CLANG_WARN__DUPLICATE_METHOD_MATCH = YES;
				COPY_PHASE_STRIP = NO;
				DEBUG_INFORMATION_FORMAT = dwarf;
				ENABLE_STRICT_OBJC_MSGSEND = YES;
				ENABLE_TESTABILITY = YES;
				GCC_C_LANGUAGE_STANDARD = gnu11;
				GCC_DYNAMIC_NO_PIC = NO;
				GCC_NO_COMMON_BLOCKS = YES;
				GCC_OPTIMIZATION_LEVEL = 0;
				GCC_PREPROCESSOR_DEFINITIONS = (
					"DEBUG=1",
					"$(inherited)",
				);
				GCC_WARN_64_TO_32_BIT_CONVERSION = YES;
				GCC_WARN_ABOUT_RETURN_TYPE = YES_ERROR;
				GCC_WARN_UNDECLARED_SELECTOR = YES;
				GCC_WARN_UNINITIALIZED_AUTOS = YES_AGGRESSIVE;
				GCC_WARN_UNUSED_FUNCTION = YES;
				GCC_WARN_UNUSED_VARIABLE = YES;
				IPHONEOS_DEPLOYMENT_TARGET = 16.2;
				MTL_ENABLE_DEBUG_INFO = INCLUDE_SOURCE;
				MTL_FAST_MATH = YES;
				ONLY_ACTIVE_ARCH = YES;
				SDKROOT = iphoneos;
				SWIFT_ACTIVE_COMPILATION_CONDITIONS = DEBUG;
				SWIFT_OPTIMIZATION_LEVEL = "-Onone";
			};
			name = Debug;
		};
		95FC7AF129A93295005A45CC /* Release */ = {
			isa = XCBuildConfiguration;
			buildSettings = {
				ALWAYS_SEARCH_USER_PATHS = NO;
				CLANG_ANALYZER_NONNULL = YES;
				CLANG_ANALYZER_NUMBER_OBJECT_CONVERSION = YES_AGGRESSIVE;
				CLANG_CXX_LANGUAGE_STANDARD = "gnu++20";
				CLANG_ENABLE_MODULES = YES;
				CLANG_ENABLE_OBJC_ARC = YES;
				CLANG_ENABLE_OBJC_WEAK = YES;
				CLANG_WARN_BLOCK_CAPTURE_AUTORELEASING = YES;
				CLANG_WARN_BOOL_CONVERSION = YES;
				CLANG_WARN_COMMA = YES;
				CLANG_WARN_CONSTANT_CONVERSION = YES;
				CLANG_WARN_DEPRECATED_OBJC_IMPLEMENTATIONS = YES;
				CLANG_WARN_DIRECT_OBJC_ISA_USAGE = YES_ERROR;
				CLANG_WARN_DOCUMENTATION_COMMENTS = YES;
				CLANG_WARN_EMPTY_BODY = YES;
				CLANG_WARN_ENUM_CONVERSION = YES;
				CLANG_WARN_INFINITE_RECURSION = YES;
				CLANG_WARN_INT_CONVERSION = YES;
				CLANG_WARN_NON_LITERAL_NULL_CONVERSION = YES;
				CLANG_WARN_OBJC_IMPLICIT_RETAIN_SELF = YES;
				CLANG_WARN_OBJC_LITERAL_CONVERSION = YES;
				CLANG_WARN_OBJC_ROOT_CLASS = YES_ERROR;
				CLANG_WARN_QUOTED_INCLUDE_IN_FRAMEWORK_HEADER = YES;
				CLANG_WARN_RANGE_LOOP_ANALYSIS = YES;
				CLANG_WARN_STRICT_PROTOTYPES = YES;
				CLANG_WARN_SUSPICIOUS_MOVE = YES;
				CLANG_WARN_UNGUARDED_AVAILABILITY = YES_AGGRESSIVE;
				CLANG_WARN_UNREACHABLE_CODE = YES;
				CLANG_WARN__DUPLICATE_METHOD_MATCH = YES;
				COPY_PHASE_STRIP = NO;
				DEBUG_INFORMATION_FORMAT = "dwarf-with-dsym";
				ENABLE_NS_ASSERTIONS = NO;
				ENABLE_STRICT_OBJC_MSGSEND = YES;
				GCC_C_LANGUAGE_STANDARD = gnu11;
				GCC_NO_COMMON_BLOCKS = YES;
				GCC_WARN_64_TO_32_BIT_CONVERSION = YES;
				GCC_WARN_ABOUT_RETURN_TYPE = YES_ERROR;
				GCC_WARN_UNDECLARED_SELECTOR = YES;
				GCC_WARN_UNINITIALIZED_AUTOS = YES_AGGRESSIVE;
				GCC_WARN_UNUSED_FUNCTION = YES;
				GCC_WARN_UNUSED_VARIABLE = YES;
				IPHONEOS_DEPLOYMENT_TARGET = 16.2;
				MTL_ENABLE_DEBUG_INFO = NO;
				MTL_FAST_MATH = YES;
				SDKROOT = iphoneos;
				SWIFT_COMPILATION_MODE = wholemodule;
				SWIFT_OPTIMIZATION_LEVEL = "-O";
				VALIDATE_PRODUCT = YES;
			};
			name = Release;
		};
		95FC7AF329A93295005A45CC /* Debug */ = {
			isa = XCBuildConfiguration;
			buildSettings = {
				ASSETCATALOG_COMPILER_APPICON_NAME = AppIcon;
				ASSETCATALOG_COMPILER_GLOBAL_ACCENT_COLOR_NAME = AccentColor;
				CODE_SIGN_STYLE = Automatic;
				CURRENT_PROJECT_VERSION = 1;
				DEVELOPMENT_TEAM = QGLB5S4Q5L;
				GENERATE_INFOPLIST_FILE = YES;
				INFOPLIST_FILE = ListUsers/Info.plist;
				INFOPLIST_KEY_UIApplicationSupportsIndirectInputEvents = YES;
				INFOPLIST_KEY_UILaunchStoryboardName = LaunchScreen;
				INFOPLIST_KEY_UIMainStoryboardFile = Main;
				INFOPLIST_KEY_UISupportedInterfaceOrientations_iPad = "UIInterfaceOrientationPortrait UIInterfaceOrientationPortraitUpsideDown UIInterfaceOrientationLandscapeLeft UIInterfaceOrientationLandscapeRight";
				INFOPLIST_KEY_UISupportedInterfaceOrientations_iPhone = "UIInterfaceOrientationPortrait UIInterfaceOrientationLandscapeLeft UIInterfaceOrientationLandscapeRight";
				LD_RUNPATH_SEARCH_PATHS = (
					"$(inherited)",
					"@executable_path/Frameworks",
				);
				MARKETING_VERSION = 1.0;
				PRODUCT_BUNDLE_IDENTIFIER = com.igorgcustodio.ListUsers;
				PRODUCT_NAME = "$(TARGET_NAME)";
				SWIFT_EMIT_LOC_STRINGS = YES;
				SWIFT_VERSION = 5.0;
				TARGETED_DEVICE_FAMILY = "1,2";
			};
			name = Debug;
		};
		95FC7AF429A93295005A45CC /* Release */ = {
			isa = XCBuildConfiguration;
			buildSettings = {
				ASSETCATALOG_COMPILER_APPICON_NAME = AppIcon;
				ASSETCATALOG_COMPILER_GLOBAL_ACCENT_COLOR_NAME = AccentColor;
				CODE_SIGN_STYLE = Automatic;
				CURRENT_PROJECT_VERSION = 1;
				DEVELOPMENT_TEAM = QGLB5S4Q5L;
				GENERATE_INFOPLIST_FILE = YES;
				INFOPLIST_FILE = ListUsers/Info.plist;
				INFOPLIST_KEY_UIApplicationSupportsIndirectInputEvents = YES;
				INFOPLIST_KEY_UILaunchStoryboardName = LaunchScreen;
				INFOPLIST_KEY_UIMainStoryboardFile = Main;
				INFOPLIST_KEY_UISupportedInterfaceOrientations_iPad = "UIInterfaceOrientationPortrait UIInterfaceOrientationPortraitUpsideDown UIInterfaceOrientationLandscapeLeft UIInterfaceOrientationLandscapeRight";
				INFOPLIST_KEY_UISupportedInterfaceOrientations_iPhone = "UIInterfaceOrientationPortrait UIInterfaceOrientationLandscapeLeft UIInterfaceOrientationLandscapeRight";
				LD_RUNPATH_SEARCH_PATHS = (
					"$(inherited)",
					"@executable_path/Frameworks",
				);
				MARKETING_VERSION = 1.0;
				PRODUCT_BUNDLE_IDENTIFIER = com.igorgcustodio.ListUsers;
				PRODUCT_NAME = "$(TARGET_NAME)";
				SWIFT_EMIT_LOC_STRINGS = YES;
				SWIFT_VERSION = 5.0;
				TARGETED_DEVICE_FAMILY = "1,2";
			};
			name = Release;
		};
		95FC7AF629A93295005A45CC /* Debug */ = {
			isa = XCBuildConfiguration;
			buildSettings = {
				ALWAYS_EMBED_SWIFT_STANDARD_LIBRARIES = YES;
				BUNDLE_LOADER = "$(TEST_HOST)";
				CODE_SIGN_STYLE = Automatic;
				CURRENT_PROJECT_VERSION = 1;
				DEVELOPMENT_TEAM = QGLB5S4Q5L;
				GENERATE_INFOPLIST_FILE = YES;
				IPHONEOS_DEPLOYMENT_TARGET = 16.2;
				MARKETING_VERSION = 1.0;
				PRODUCT_BUNDLE_IDENTIFIER = com.igorgcustodio.ListUsersTests;
				PRODUCT_NAME = "$(TARGET_NAME)";
				SWIFT_EMIT_LOC_STRINGS = NO;
				SWIFT_VERSION = 5.0;
				TARGETED_DEVICE_FAMILY = "1,2";
				TEST_HOST = "$(BUILT_PRODUCTS_DIR)/ListUsers.app/$(BUNDLE_EXECUTABLE_FOLDER_PATH)/ListUsers";
			};
			name = Debug;
		};
		95FC7AF729A93295005A45CC /* Release */ = {
			isa = XCBuildConfiguration;
			buildSettings = {
				ALWAYS_EMBED_SWIFT_STANDARD_LIBRARIES = YES;
				BUNDLE_LOADER = "$(TEST_HOST)";
				CODE_SIGN_STYLE = Automatic;
				CURRENT_PROJECT_VERSION = 1;
				DEVELOPMENT_TEAM = QGLB5S4Q5L;
				GENERATE_INFOPLIST_FILE = YES;
				IPHONEOS_DEPLOYMENT_TARGET = 16.2;
				MARKETING_VERSION = 1.0;
				PRODUCT_BUNDLE_IDENTIFIER = com.igorgcustodio.ListUsersTests;
				PRODUCT_NAME = "$(TARGET_NAME)";
				SWIFT_EMIT_LOC_STRINGS = NO;
				SWIFT_VERSION = 5.0;
				TARGETED_DEVICE_FAMILY = "1,2";
				TEST_HOST = "$(BUILT_PRODUCTS_DIR)/ListUsers.app/$(BUNDLE_EXECUTABLE_FOLDER_PATH)/ListUsers";
			};
			name = Release;
		};
		95FC7AF929A93295005A45CC /* Debug */ = {
			isa = XCBuildConfiguration;
			buildSettings = {
				ALWAYS_EMBED_SWIFT_STANDARD_LIBRARIES = YES;
				CODE_SIGN_STYLE = Automatic;
				CURRENT_PROJECT_VERSION = 1;
				DEVELOPMENT_TEAM = QGLB5S4Q5L;
				GENERATE_INFOPLIST_FILE = YES;
				MARKETING_VERSION = 1.0;
				PRODUCT_BUNDLE_IDENTIFIER = com.igorgcustodio.ListUsersUITests;
				PRODUCT_NAME = "$(TARGET_NAME)";
				SWIFT_EMIT_LOC_STRINGS = NO;
				SWIFT_VERSION = 5.0;
				TARGETED_DEVICE_FAMILY = "1,2";
				TEST_TARGET_NAME = ListUsers;
			};
			name = Debug;
		};
		95FC7AFA29A93295005A45CC /* Release */ = {
			isa = XCBuildConfiguration;
			buildSettings = {
				ALWAYS_EMBED_SWIFT_STANDARD_LIBRARIES = YES;
				CODE_SIGN_STYLE = Automatic;
				CURRENT_PROJECT_VERSION = 1;
				DEVELOPMENT_TEAM = QGLB5S4Q5L;
				GENERATE_INFOPLIST_FILE = YES;
				MARKETING_VERSION = 1.0;
				PRODUCT_BUNDLE_IDENTIFIER = com.igorgcustodio.ListUsersUITests;
				PRODUCT_NAME = "$(TARGET_NAME)";
				SWIFT_EMIT_LOC_STRINGS = NO;
				SWIFT_VERSION = 5.0;
				TARGETED_DEVICE_FAMILY = "1,2";
				TEST_TARGET_NAME = ListUsers;
			};
			name = Release;
		};
/* End XCBuildConfiguration section */

/* Begin XCConfigurationList section */
		95FC7AC329A93290005A45CC /* Build configuration list for PBXProject "ListUsers" */ = {
			isa = XCConfigurationList;
			buildConfigurations = (
				95FC7AF029A93295005A45CC /* Debug */,
				95FC7AF129A93295005A45CC /* Release */,
			);
			defaultConfigurationIsVisible = 0;
			defaultConfigurationName = Release;
		};
		95FC7AF229A93295005A45CC /* Build configuration list for PBXNativeTarget "ListUsers" */ = {
			isa = XCConfigurationList;
			buildConfigurations = (
				95FC7AF329A93295005A45CC /* Debug */,
				95FC7AF429A93295005A45CC /* Release */,
			);
			defaultConfigurationIsVisible = 0;
			defaultConfigurationName = Release;
		};
		95FC7AF529A93295005A45CC /* Build configuration list for PBXNativeTarget "ListUsersTests" */ = {
			isa = XCConfigurationList;
			buildConfigurations = (
				95FC7AF629A93295005A45CC /* Debug */,
				95FC7AF729A93295005A45CC /* Release */,
			);
			defaultConfigurationIsVisible = 0;
			defaultConfigurationName = Release;
		};
		95FC7AF829A93295005A45CC /* Build configuration list for PBXNativeTarget "ListUsersUITests" */ = {
			isa = XCConfigurationList;
			buildConfigurations = (
				95FC7AF929A93295005A45CC /* Debug */,
				95FC7AFA29A93295005A45CC /* Release */,
			);
			defaultConfigurationIsVisible = 0;
			defaultConfigurationName = Release;
		};
/* End XCConfigurationList section */
	};
	rootObject = 95FC7AC029A93290005A45CC /* Project object */;
}
